// !$*UTF8*$!
{
	archiveVersion = 1;
	classes = {
	};
	objectVersion = 50;
	objects = {

/* Begin PBXBuildFile section */
		D561DD502653AD1200AFE8C1 /* AppDelegate.swift in Sources */ = {isa = PBXBuildFile; fileRef = D561DD4F2653AD1200AFE8C1 /* AppDelegate.swift */; };
		D561DD522653AD1200AFE8C1 /* SceneDelegate.swift in Sources */ = {isa = PBXBuildFile; fileRef = D561DD512653AD1200AFE8C1 /* SceneDelegate.swift */; };
		D561DD542653AD1200AFE8C1 /* ViewController.swift in Sources */ = {isa = PBXBuildFile; fileRef = D561DD532653AD1200AFE8C1 /* ViewController.swift */; };
		D561DD572653AD1200AFE8C1 /* Main.storyboard in Resources */ = {isa = PBXBuildFile; fileRef = D561DD552653AD1200AFE8C1 /* Main.storyboard */; };
		D561DD592653AD1600AFE8C1 /* Assets.xcassets in Resources */ = {isa = PBXBuildFile; fileRef = D561DD582653AD1600AFE8C1 /* Assets.xcassets */; };
		D561DD5C2653AD1600AFE8C1 /* LaunchScreen.storyboard in Resources */ = {isa = PBXBuildFile; fileRef = D561DD5A2653AD1600AFE8C1 /* LaunchScreen.storyboard */; };
/* End PBXBuildFile section */

/* Begin PBXFileReference section */
		D561DD4C2653AD1200AFE8C1 /* DicodingPemula.app */ = {isa = PBXFileReference; explicitFileType = wrapper.application; includeInIndex = 0; path = DicodingPemula.app; sourceTree = BUILT_PRODUCTS_DIR; };
		D561DD4F2653AD1200AFE8C1 /* AppDelegate.swift */ = {isa = PBXFileReference; lastKnownFileType = sourcecode.swift; path = AppDelegate.swift; sourceTree = "<group>"; };
		D561DD512653AD1200AFE8C1 /* SceneDelegate.swift */ = {isa = PBXFileReference; lastKnownFileType = sourcecode.swift; path = SceneDelegate.swift; sourceTree = "<group>"; };
		D561DD532653AD1200AFE8C1 /* ViewController.swift */ = {isa = PBXFileReference; lastKnownFileType = sourcecode.swift; path = ViewController.swift; sourceTree = "<group>"; };
		D561DD562653AD1200AFE8C1 /* Base */ = {isa = PBXFileReference; lastKnownFileType = file.storyboard; name = Base; path = Base.lproj/Main.storyboard; sourceTree = "<group>"; };
		D561DD582653AD1600AFE8C1 /* Assets.xcassets */ = {isa = PBXFileReference; lastKnownFileType = folder.assetcatalog; path = Assets.xcassets; sourceTree = "<group>"; };
		D561DD5B2653AD1600AFE8C1 /* Base */ = {isa = PBXFileReference; lastKnownFileType = file.storyboard; name = Base; path = Base.lproj/LaunchScreen.storyboard; sourceTree = "<group>"; };
		D561DD5D2653AD1600AFE8C1 /* Info.plist */ = {isa = PBXFileReference; lastKnownFileType = text.plist.xml; path = Info.plist; sourceTree = "<group>"; };
/* End PBXFileReference section */

/* Begin PBXFrameworksBuildPhase section */
		D561DD492653AD1200AFE8C1 /* Frameworks */ = {
			isa = PBXFrameworksBuildPhase;
			buildActionMask = 2147483647;
			files = (
			);
			runOnlyForDeploymentPostprocessing = 0;
		};
/* End PBXFrameworksBuildPhase section */

/* Begin PBXGroup section */
		D561DD432653AD1200AFE8C1 = {
			isa = PBXGroup;
			children = (
				D561DD4E2653AD1200AFE8C1 /* DicodingPemula */,
				D561DD4D2653AD1200AFE8C1 /* Products */,
			);
			sourceTree = "<group>";
		};
		D561DD4D2653AD1200AFE8C1 /* Products */ = {
			isa = PBXGroup;
			children = (
				D561DD4C2653AD1200AFE8C1 /* DicodingPemula.app */,
			);
			name = Products;
			sourceTree = "<group>";
		};
		D561DD4E2653AD1200AFE8C1 /* DicodingPemula */ = {
			isa = PBXGroup;
			children = (
				D561DD4F2653AD1200AFE8C1 /* AppDelegate.swift */,
				D561DD512653AD1200AFE8C1 /* SceneDelegate.swift */,
				D561DD532653AD1200AFE8C1 /* ViewController.swift */,
				D561DD552653AD1200AFE8C1 /* Main.storyboard */,
				D561DD582653AD1600AFE8C1 /* Assets.xcassets */,
				D561DD5A2653AD1600AFE8C1 /* LaunchScreen.storyboard */,
				D561DD5D2653AD1600AFE8C1 /* Info.plist */,
			);
			path = DicodingPemula;
			sourceTree = "<group>";
		};
/* End PBXGroup section */

/* Begin PBXNativeTarget section */
		D561DD4B2653AD1200AFE8C1 /* DicodingPemula */ = {
			isa = PBXNativeTarget;
			buildConfigurationList = D561DD602653AD1600AFE8C1 /* Build configuration list for PBXNativeTarget "DicodingPemula" */;
			buildPhases = (
				D561DD482653AD1200AFE8C1 /* Sources */,
				D561DD492653AD1200AFE8C1 /* Frameworks */,
				D561DD4A2653AD1200AFE8C1 /* Resources */,
			);
			buildRules = (
			);
			dependencies = (
			);
			name = DicodingPemula;
			productName = DicodingPemula;
			productReference = D561DD4C2653AD1200AFE8C1 /* DicodingPemula.app */;
			productType = "com.apple.product-type.application";
		};
/* End PBXNativeTarget section */

/* Begin PBXProject section */
		D561DD442653AD1200AFE8C1 /* Project object */ = {
			isa = PBXProject;
			attributes = {
				LastSwiftUpdateCheck = 1240;
				LastUpgradeCheck = 1240;
				TargetAttributes = {
					D561DD4B2653AD1200AFE8C1 = {
						CreatedOnToolsVersion = 12.4;
					};
				};
			};
			buildConfigurationList = D561DD472653AD1200AFE8C1 /* Build configuration list for PBXProject "DicodingPemula" */;
			compatibilityVersion = "Xcode 9.3";
			developmentRegion = en;
			hasScannedForEncodings = 0;
			knownRegions = (
				en,
				Base,
			);
			mainGroup = D561DD432653AD1200AFE8C1;
			productRefGroup = D561DD4D2653AD1200AFE8C1 /* Products */;
			projectDirPath = "";
			projectRoot = "";
			targets = (
				D561DD4B2653AD1200AFE8C1 /* DicodingPemula */,
			);
		};
/* End PBXProject section */

/* Begin PBXResourcesBuildPhase section */
		D561DD4A2653AD1200AFE8C1 /* Resources */ = {
			isa = PBXResourcesBuildPhase;
			buildActionMask = 2147483647;
			files = (
				D561DD5C2653AD1600AFE8C1 /* LaunchScreen.storyboard in Resources */,
				D561DD592653AD1600AFE8C1 /* Assets.xcassets in Resources */,
				D561DD572653AD1200AFE8C1 /* Main.storyboard in Resources */,
			);
			runOnlyForDeploymentPostprocessing = 0;
		};
/* End PBXResourcesBuildPhase section */

/* Begin PBXSourcesBuildPhase section */
		D561DD482653AD1200AFE8C1 /* Sources */ = {
			isa = PBXSourcesBuildPhase;
			buildActionMask = 2147483647;
			files = (
				D561DD542653AD1200AFE8C1 /* ViewController.swift in Sources */,
				D561DD502653AD1200AFE8C1 /* AppDelegate.swift in Sources */,
				D561DD522653AD1200AFE8C1 /* SceneDelegate.swift in Sources */,
			);
			runOnlyForDeploymentPostprocessing = 0;
		};
/* End PBXSourcesBuildPhase section */

/* Begin PBXVariantGroup section */
		D561DD552653AD1200AFE8C1 /* Main.storyboard */ = {
			isa = PBXVariantGroup;
			children = (
				D561DD562653AD1200AFE8C1 /* Base */,
			);
			name = Main.storyboard;
			sourceTree = "<group>";
		};
		D561DD5A2653AD1600AFE8C1 /* LaunchScreen.storyboard */ = {
			isa = PBXVariantGroup;
			children = (
				D561DD5B2653AD1600AFE8C1 /* Base */,
			);
			name = LaunchScreen.storyboard;
			sourceTree = "<group>";
		};
/* End PBXVariantGroup section */

/* Begin XCBuildConfiguration section */
		D561DD5E2653AD1600AFE8C1 /* Debug */ = {
			isa = XCBuildConfiguration;
			buildSettings = {
				ALWAYS_SEARCH_USER_PATHS = NO;
				CLANG_ANALYZER_NONNULL = YES;
				CLANG_ANALYZER_NUMBER_OBJECT_CONVERSION = YES_AGGRESSIVE;
				CLANG_CXX_LANGUAGE_STANDARD = "gnu++14";
				CLANG_CXX_LIBRARY = "libc++";
				CLANG_ENABLE_MODULES = YES;
				CLANG_ENABLE_OBJC_ARC = YES;
				CLANG_ENABLE_OBJC_WEAK = YES;
				CLANG_WARN_BLOCK_CAPTURE_AUTORELEASING = YES;
				CLANG_WARN_BOOL_CONVERSION = YES;
				CLANG_WARN_COMMA = YES;
				CLANG_WARN_CONSTANT_CONVERSION = YES;
				CLANG_WARN_DEPRECATED_OBJC_IMPLEMENTATIONS = YES;
				CLANG_WARN_DIRECT_OBJC_ISA_USAGE = YES_ERROR;
				CLANG_WARN_DOCUMENTATION_COMMENTS = YES;
				CLANG_WARN_EMPTY_BODY = YES;
				CLANG_WARN_ENUM_CONVERSION = YES;
				CLANG_WARN_INFINITE_RECURSION = YES;
				CLANG_WARN_INT_CONVERSION = YES;
				CLANG_WARN_NON_LITERAL_NULL_CONVERSION = YES;
				CLANG_WARN_OBJC_IMPLICIT_RETAIN_SELF = YES;
				CLANG_WARN_OBJC_LITERAL_CONVERSION = YES;
				CLANG_WARN_OBJC_ROOT_CLASS = YES_ERROR;
				CLANG_WARN_QUOTED_INCLUDE_IN_FRAMEWORK_HEADER = YES;
				CLANG_WARN_RANGE_LOOP_ANALYSIS = YES;
				CLANG_WARN_STRICT_PROTOTYPES = YES;
				CLANG_WARN_SUSPICIOUS_MOVE = YES;
				CLANG_WARN_UNGUARDED_AVAILABILITY = YES_AGGRESSIVE;
				CLANG_WARN_UNREACHABLE_CODE = YES;
				CLANG_WARN__DUPLICATE_METHOD_MATCH = YES;
				COPY_PHASE_STRIP = NO;
				DEBUG_INFORMATION_FORMAT = dwarf;
				ENABLE_STRICT_OBJC_MSGSEND = YES;
				ENABLE_TESTABILITY = YES;
				GCC_C_LANGUAGE_STANDARD = gnu11;
				GCC_DYNAMIC_NO_PIC = NO;
				GCC_NO_COMMON_BLOCKS = YES;
				GCC_OPTIMIZATION_LEVEL = 0;
				GCC_PREPROCESSOR_DEFINITIONS = (
					"DEBUG=1",
					"$(inherited)",
				);
				GCC_WARN_64_TO_32_BIT_CONVERSION = YES;
				GCC_WARN_ABOUT_RETURN_TYPE = YES_ERROR;
				GCC_WARN_UNDECLARED_SELECTOR = YES;
				GCC_WARN_UNINITIALIZED_AUTOS = YES_AGGRESSIVE;
				GCC_WARN_UNUSED_FUNCTION = YES;
				GCC_WARN_UNUSED_VARIABLE = YES;
				IPHONEOS_DEPLOYMENT_TARGET = 14.4;
				MTL_ENABLE_DEBUG_INFO = INCLUDE_SOURCE;
				MTL_FAST_MATH = YES;
				ONLY_ACTIVE_ARCH = YES;
				SDKROOT = iphoneos;
				SWIFT_ACTIVE_COMPILATION_CONDITIONS = DEBUG;
				SWIFT_OPTIMIZATION_LEVEL = "-Onone";
			};
			name = Debug;
		};
		D561DD5F2653AD1600AFE8C1 /* Release */ = {
			isa = XCBuildConfiguration;
			buildSettings = {
				ALWAYS_SEARCH_USER_PATHS = NO;
				CLANG_ANALYZER_NONNULL = YES;
				CLANG_ANALYZER_NUMBER_OBJECT_CONVERSION = YES_AGGRESSIVE;
				CLANG_CXX_LANGUAGE_STANDARD = "gnu++14";
				CLANG_CXX_LIBRARY = "libc++";
				CLANG_ENABLE_MODULES = YES;
				CLANG_ENABLE_OBJC_ARC = YES;
				CLANG_ENABLE_OBJC_WEAK = YES;
				CLANG_WARN_BLOCK_CAPTURE_AUTORELEASING = YES;
				CLANG_WARN_BOOL_CONVERSION = YES;
				CLANG_WARN_COMMA = YES;
				CLANG_WARN_CONSTANT_CONVERSION = YES;
				CLANG_WARN_DEPRECATED_OBJC_IMPLEMENTATIONS = YES;
				CLANG_WARN_DIRECT_OBJC_ISA_USAGE = YES_ERROR;
				CLANG_WARN_DOCUMENTATION_COMMENTS = YES;
				CLANG_WARN_EMPTY_BODY = YES;
				CLANG_WARN_ENUM_CONVERSION = YES;
				CLANG_WARN_INFINITE_RECURSION = YES;
				CLANG_WARN_INT_CONVERSION = YES;
				CLANG_WARN_NON_LITERAL_NULL_CONVERSION = YES;
				CLANG_WARN_OBJC_IMPLICIT_RETAIN_SELF = YES;
				CLANG_WARN_OBJC_LITERAL_CONVERSION = YES;
				CLANG_WARN_OBJC_ROOT_CLASS = YES_ERROR;
				CLANG_WARN_QUOTED_INCLUDE_IN_FRAMEWORK_HEADER = YES;
				CLANG_WARN_RANGE_LOOP_ANALYSIS = YES;
				CLANG_WARN_STRICT_PROTOTYPES = YES;
				CLANG_WARN_SUSPICIOUS_MOVE = YES;
				CLANG_WARN_UNGUARDED_AVAILABILITY = YES_AGGRESSIVE;
				CLANG_WARN_UNREACHABLE_CODE = YES;
				CLANG_WARN__DUPLICATE_METHOD_MATCH = YES;
				COPY_PHASE_STRIP = NO;
				DEBUG_INFORMATION_FORMAT = "dwarf-with-dsym";
				ENABLE_NS_ASSERTIONS = NO;
				ENABLE_STRICT_OBJC_MSGSEND = YES;
				GCC_C_LANGUAGE_STANDARD = gnu11;
				GCC_NO_COMMON_BLOCKS = YES;
				GCC_WARN_64_TO_32_BIT_CONVERSION = YES;
				GCC_WARN_ABOUT_RETURN_TYPE = YES_ERROR;
				GCC_WARN_UNDECLARED_SELECTOR = YES;
				GCC_WARN_UNINITIALIZED_AUTOS = YES_AGGRESSIVE;
				GCC_WARN_UNUSED_FUNCTION = YES;
				GCC_WARN_UNUSED_VARIABLE = YES;
				IPHONEOS_DEPLOYMENT_TARGET = 14.4;
				MTL_ENABLE_DEBUG_INFO = NO;
				MTL_FAST_MATH = YES;
				SDKROOT = iphoneos;
				SWIFT_COMPILATION_MODE = wholemodule;
				SWIFT_OPTIMIZATION_LEVEL = "-O";
				VALIDATE_PRODUCT = YES;
			};
			name = Release;
		};
		D561DD612653AD1600AFE8C1 /* Debug */ = {
			isa = XCBuildConfiguration;
			buildSettings = {
				ASSETCATALOG_COMPILER_APPICON_NAME = AppIcon;
				ASSETCATALOG_COMPILER_GLOBAL_ACCENT_COLOR_NAME = AccentColor;
				CODE_SIGN_STYLE = Automatic;
				DEVELOPMENT_TEAM = 36PQW8N3MG;
				INFOPLIST_FILE = DicodingPemula/Info.plist;
				LD_RUNPATH_SEARCH_PATHS = (
					"$(inherited)",
					"@executable_path/Frameworks",
				);
				PRODUCT_BUNDLE_IDENTIFIER = com.asepabdaz.DicodingPemula;
				PRODUCT_NAME = "$(TARGET_NAME)";
				SWIFT_VERSION = 5.0;
				TARGETED_DEVICE_FAMILY = "1,2";
			};
			name = Debug;
		};
		D561DD622653AD1600AFE8C1 /* Release */ = {
			isa = XCBuildConfiguration;
			buildSettings = {
				ASSETCATALOG_COMPILER_APPICON_NAME = AppIcon;
				ASSETCATALOG_COMPILER_GLOBAL_ACCENT_COLOR_NAME = AccentColor;
				CODE_SIGN_STYLE = Automatic;
				DEVELOPMENT_TEAM = 36PQW8N3MG;
				INFOPLIST_FILE = DicodingPemula/Info.plist;
				LD_RUNPATH_SEARCH_PATHS = (
					"$(inherited)",
					"@executable_path/Frameworks",
				);
				PRODUCT_BUNDLE_IDENTIFIER = com.asepabdaz.DicodingPemula;
				PRODUCT_NAME = "$(TARGET_NAME)";
				SWIFT_VERSION = 5.0;
				TARGETED_DEVICE_FAMILY = "1,2";
			};
			name = Release;
		};
/* End XCBuildConfiguration section */

/* Begin XCConfigurationList section */
		D561DD472653AD1200AFE8C1 /* Build configuration list for PBXProject "DicodingPemula" */ = {
			isa = XCConfigurationList;
			buildConfigurations = (
				D561DD5E2653AD1600AFE8C1 /* Debug */,
				D561DD5F2653AD1600AFE8C1 /* Release */,
			);
			defaultConfigurationIsVisible = 0;
			defaultConfigurationName = Release;
		};
		D561DD602653AD1600AFE8C1 /* Build configuration list for PBXNativeTarget "DicodingPemula" */ = {
			isa = XCConfigurationList;
			buildConfigurations = (
				D561DD612653AD1600AFE8C1 /* Debug */,
				D561DD622653AD1600AFE8C1 /* Release */,
			);
			defaultConfigurationIsVisible = 0;
			defaultConfigurationName = Release;
		};
/* End XCConfigurationList section */
	};
	rootObject = D561DD442653AD1200AFE8C1 /* Project object */;
}
